{
  "originHash" : "c9e9705def54a5c266537f93b2a579f3cd2510bc5f7601d33c20c6cdd916adac",
  "pins" : [
    {
      "identity" : "grdb.swift",
      "kind" : "remoteSourceControl",
      "location" : "https://github.com/groue/GRDB.swift.git",
      "state" : {
        "revision" : "36e30a6f1ef10e4194f6af0cff90888526f0c115",
        "version" : "7.10.0"
      }
    },
    {
      "identity" : "sentry-cocoa",
      "kind" : "remoteSourceControl",
      "location" : "https://github.com/getsentry/sentry-cocoa.git",
      "state" : {
        "revision" : "3a22ecd00ad1398747bfd587e44df82716908dd3",
        "version" : "9.10.0"
      }
    }
  ],
  "version" : 3
}
